
Microsoft Visual Studio Solution File, Format Version 12.00
# Visual Studio 15
VisualStudioVersion = 15.0.33919.361
MinimumVisualStudioVersion = 10.0.40219.1
Project("{E24C65DC-7377-472B-9ABA-BC803B73C61A}") = "Alert Message Server Side JS", "Alert Message Server Side JS\", "{DB5385C0-043E-419A-B558-A595FCA17592}"
	ProjectSection(WebsiteProperties) = preProject
		TargetFrameworkMoniker = ".NETFramework,Version%3Dv4.6.1"
		Debug.AspNetCompiler.VirtualPath = "/localhost_54907"
		Debug.AspNetCompiler.PhysicalPath = "Alert Message Server Side JS\"
		Debug.AspNetCompiler.TargetPath = "PrecompiledWeb\localhost_54907\"
		Debug.AspNetCompiler.Updateable = "true"
		Debug.AspNetCompiler.ForceOverwrite = "true"
		Debug.AspNetCompiler.FixedNames = "false"
		Debug.AspNetCompiler.Debug = "True"
		Release.AspNetCompiler.VirtualPath = "/localhost_54907"
		Release.AspNetCompiler.PhysicalPath = "Alert Message Server Side JS\"
		Release.AspNetCompiler.TargetPath = "PrecompiledWeb\localhost_54907\"
		Release.AspNetCompiler.Updateable = "true"
		Release.AspNetCompiler.ForceOverwrite = "true"
		Release.AspNetCompiler.FixedNames = "false"
		Release.AspNetCompiler.Debug = "False"
		VWDPort = "54907"
		SlnRelativePath = "Alert Message Server Side JS\"
		DefaultWebSiteLanguage = "Visual C#"
	EndProjectSection
EndProject
Global
	GlobalSection(SolutionConfigurationPlatforms) = preSolution
		Debug|Any CPU = Debug|Any CPU
	EndGlobalSection
	GlobalSection(ProjectConfigurationPlatforms) = postSolution
		{DB5385C0-043E-419A-B558-A595FCA17592}.Debug|Any CPU.ActiveCfg = Debug|Any CPU
		{DB5385C0-043E-419A-B558-A595FCA17592}.Debug|Any CPU.Build.0 = Debug|Any CPU
	EndGlobalSection
	GlobalSection(SolutionProperties) = preSolution
		HideSolutionNode = FALSE
	EndGlobalSection
	GlobalSection(ExtensibilityGlobals) = postSolution
		SolutionGuid = {4976D66D-443A-44DD-B9BD-B95010F156BE}
	EndGlobalSection
EndGlobal
